
Microsoft Visual Studio Solution File, Format Version 12.00
# Visual Studio Version 17
VisualStudioVersion = 17.11.35303.130
MinimumVisualStudioVersion = 10.0.40219.1
Project("{FAE04EC0-301F-11D3-BF4B-00C04F79EFBC}") = "SampleDockerAPI", "SampleDockerAPI\SampleDockerAPI.csproj", "{B20C5A47-2510-48C1-AA90-BD10CE4D4E9E}"
EndProject
Project("{FAE04EC0-301F-11D3-BF4B-00C04F79EFBC}") = "CustomerApi", "CustomerApi\CustomerApi.csproj", "{7EC8AE4E-89BA-4D1C-B935-8A13730A17B0}"
EndProject
Project("{E53339B2-1760-4266-BCC7-CA923CBCF16C}") = "docker-compose", "docker-compose.dcproj", "{A9B64D6C-A4CF-4CA4-A44B-8EA3EA6BDEC0}"
EndProject
Global
	GlobalSection(SolutionConfigurationPlatforms) = preSolution
		Debug|Any CPU = Debug|Any CPU
		Release|Any CPU = Release|Any CPU
	EndGlobalSection
	GlobalSection(ProjectConfigurationPlatforms) = postSolution
		{B20C5A47-2510-48C1-AA90-BD10CE4D4E9E}.Debug|Any CPU.ActiveCfg = Debug|Any CPU
		{B20C5A47-2510-48C1-AA90-BD10CE4D4E9E}.Debug|Any CPU.Build.0 = Debug|Any CPU
		{B20C5A47-2510-48C1-AA90-BD10CE4D4E9E}.Release|Any CPU.ActiveCfg = Release|Any CPU
		{B20C5A47-2510-48C1-AA90-BD10CE4D4E9E}.Release|Any CPU.Build.0 = Release|Any CPU
		{7EC8AE4E-89BA-4D1C-B935-8A13730A17B0}.Debug|Any CPU.ActiveCfg = Debug|Any CPU
		{7EC8AE4E-89BA-4D1C-B935-8A13730A17B0}.Debug|Any CPU.Build.0 = Debug|Any CPU
		{7EC8AE4E-89BA-4D1C-B935-8A13730A17B0}.Release|Any CPU.ActiveCfg = Release|Any CPU
		{7EC8AE4E-89BA-4D1C-B935-8A13730A17B0}.Release|Any CPU.Build.0 = Release|Any CPU
		{A9B64D6C-A4CF-4CA4-A44B-8EA3EA6BDEC0}.Debug|Any CPU.ActiveCfg = Debug|Any CPU
		{A9B64D6C-A4CF-4CA4-A44B-8EA3EA6BDEC0}.Debug|Any CPU.Build.0 = Debug|Any CPU
		{A9B64D6C-A4CF-4CA4-A44B-8EA3EA6BDEC0}.Release|Any CPU.ActiveCfg = Release|Any CPU
		{A9B64D6C-A4CF-4CA4-A44B-8EA3EA6BDEC0}.Release|Any CPU.Build.0 = Release|Any CPU
	EndGlobalSection
	GlobalSection(SolutionProperties) = preSolution
		HideSolutionNode = FALSE
	EndGlobalSection
	GlobalSection(ExtensibilityGlobals) = postSolution
		SolutionGuid = {E9784135-03E7-410B-8CC8-F680CD26ADC3}
	EndGlobalSection
EndGlobal
